{
  "name": "untappd-beer-search",
  "version": "1.0.0",
  "lockfileVersion": 1,
  "requires": true,
  "dependencies": {
    "jquery": {
      "version": "4.0.0",
      "resolved": "https://registry.npmjs.org/jquery/-/jquery-4.0.0.tgz",
      "integrity": "sha512-TXCHVR3Lb6TZdtw1l3RTLf8RBWVGexdxL6AC8/e0xZKEpBflBsjh9/8LXw+dkNFuOyW9B7iB3O1sP7hS0Kiacg==",
      "dev": true
    },
    "tablesorter": {
      "version": "2.32.0",
      "resolved": "https://registry.npmjs.org/tablesorter/-/tablesorter-2.32.0.tgz",
      "integrity": "sha512-tKjx6H+ZVoxND5ukDIVvF4AKEIw0ZJde/e6YlAZlUOKI0o0xD2RZLTb2tKB1hiDHkHGLHGQ7ndvd0Pnkj5Xzjw==",
      "dev": true,
      "requires": {
        "jquery": ">=1.2.6"
      }
    }
  }
}
